
Microsoft Visual Studio Solution File, Format Version 12.00
# Visual Studio 15
VisualStudioVersion = 15.0.28307.329
MinimumVisualStudioVersion = 10.0.40219.1
Project("{FAE04EC0-301F-11D3-BF4B-00C04F79EFBC}") = "cross_lite", "cross_lite\cross_lite.csproj", "{26D7FCC5-6B1F-495B-AD81-A38AEA883F2A}"
EndProject
Project("{FAE04EC0-301F-11D3-BF4B-00C04F79EFBC}") = "ClassSQL", "ClassSQL\ClassSQL.csproj", "{BB460F0A-C5D9-4873-A008-4BE06EBEAAC3}"
EndProject
Global
	GlobalSection(SolutionConfigurationPlatforms) = preSolution
		Debug|Any CPU = Debug|Any CPU
		Release|Any CPU = Release|Any CPU
	EndGlobalSection
	GlobalSection(ProjectConfigurationPlatforms) = postSolution
		{26D7FCC5-6B1F-495B-AD81-A38AEA883F2A}.Debug|Any CPU.ActiveCfg = Debug|Any CPU
		{26D7FCC5-6B1F-495B-AD81-A38AEA883F2A}.Debug|Any CPU.Build.0 = Debug|Any CPU
		{26D7FCC5-6B1F-495B-AD81-A38AEA883F2A}.Release|Any CPU.ActiveCfg = Release|Any CPU
		{26D7FCC5-6B1F-495B-AD81-A38AEA883F2A}.Release|Any CPU.Build.0 = Release|Any CPU
		{BB460F0A-C5D9-4873-A008-4BE06EBEAAC3}.Debug|Any CPU.ActiveCfg = Debug|Any CPU
		{BB460F0A-C5D9-4873-A008-4BE06EBEAAC3}.Debug|Any CPU.Build.0 = Debug|Any CPU
		{BB460F0A-C5D9-4873-A008-4BE06EBEAAC3}.Release|Any CPU.ActiveCfg = Release|Any CPU
		{BB460F0A-C5D9-4873-A008-4BE06EBEAAC3}.Release|Any CPU.Build.0 = Release|Any CPU
	EndGlobalSection
	GlobalSection(SolutionProperties) = preSolution
		HideSolutionNode = FALSE
	EndGlobalSection
	GlobalSection(ExtensibilityGlobals) = postSolution
		SolutionGuid = {98152398-8EFB-49CF-9D41-ACF42003B92D}
	EndGlobalSection
EndGlobal
